
Microsoft Visual Studio Solution File, Format Version 12.00
# Visual Studio Version 16
VisualStudioVersion = 16.0.30907.101
MinimumVisualStudioVersion = 10.0.40219.1
Project("{FAE04EC0-301F-11D3-BF4B-00C04F79EFBC}") = "TestePratico_crud", "TestePratico_crud.csproj", "{D1E45327-D8B0-46FB-ABD4-2150AE4D62B6}"
EndProject
Global
	GlobalSection(SolutionConfigurationPlatforms) = preSolution
		Debug|Any CPU = Debug|Any CPU
		Release|Any CPU = Release|Any CPU
	EndGlobalSection
	GlobalSection(ProjectConfigurationPlatforms) = postSolution
		{D1E45327-D8B0-46FB-ABD4-2150AE4D62B6}.Debug|Any CPU.ActiveCfg = Debug|Any CPU
		{D1E45327-D8B0-46FB-ABD4-2150AE4D62B6}.Debug|Any CPU.Build.0 = Debug|Any CPU
		{D1E45327-D8B0-46FB-ABD4-2150AE4D62B6}.Release|Any CPU.ActiveCfg = Release|Any CPU
		{D1E45327-D8B0-46FB-ABD4-2150AE4D62B6}.Release|Any CPU.Build.0 = Release|Any CPU
	EndGlobalSection
	GlobalSection(SolutionProperties) = preSolution
		HideSolutionNode = FALSE
	EndGlobalSection
	GlobalSection(ExtensibilityGlobals) = postSolution
		SolutionGuid = {8B5889A8-82A2-4ADB-A6A2-78BA95951B71}
	EndGlobalSection
EndGlobal
